
Microsoft Visual Studio Solution File, Format Version 12.00
# Visual Studio Version 17
VisualStudioVersion = 17.5.33414.496
MinimumVisualStudioVersion = 10.0.40219.1
Project("{9A19103F-16F7-4668-BE54-9A1E7A4F7556}") = "DigitalLibraryAPI", "DigitalLibraryAPI.csproj", "{713276B0-3251-42A8-BE11-09B847A20E90}"
EndProject
Project("{FAE04EC0-301F-11D3-BF4B-00C04F79EFBC}") = "DigitalLibrary.UWP", "..\DigitalLibrary\DigitalLibrary.UWP\DigitalLibrary.UWP.csproj", "{16A4E4C6-D593-4404-8B7C-BE44D3FEDCCD}"
EndProject
Project("{FAE04EC0-301F-11D3-BF4B-00C04F79EFBC}") = "DigitalLibrary.Android", "..\DigitalLibrary\DigitalLibrary.Android\DigitalLibrary.Android.csproj", "{6397DD1A-F04C-483F-9051-A1AD106C1C02}"
EndProject
Project("{FAE04EC0-301F-11D3-BF4B-00C04F79EFBC}") = "DigitalLibrary.iOS", "..\DigitalLibrary\DigitalLibrary.iOS\DigitalLibrary.iOS.csproj", "{F50A7208-9403-4F73-A23D-DCB95CA5D7CD}"
EndProject
Project("{FAE04EC0-301F-11D3-BF4B-00C04F79EFBC}") = "DigitalLibrary", "..\DigitalLibrary\DigitalLibrary\DigitalLibrary.csproj", "{CC75E329-486F-41D0-A336-4387D40ABC16}"
EndProject
Global
	GlobalSection(SolutionConfigurationPlatforms) = preSolution
		Debug|Any CPU = Debug|Any CPU
		Debug|ARM = Debug|ARM
		Debug|iPhone = Debug|iPhone
		Debug|iPhoneSimulator = Debug|iPhoneSimulator
		Debug|x64 = Debug|x64
		Debug|x86 = Debug|x86
		Release|Any CPU = Release|Any CPU
		Release|ARM = Release|ARM
		Release|iPhone = Release|iPhone
		Release|iPhoneSimulator = Release|iPhoneSimulator
		Release|x64 = Release|x64
		Release|x86 = Release|x86
	EndGlobalSection
	GlobalSection(ProjectConfigurationPlatforms) = postSolution
		{713276B0-3251-42A8-BE11-09B847A20E90}.Debug|Any CPU.ActiveCfg = Debug|Any CPU
		{713276B0-3251-42A8-BE11-09B847A20E90}.Debug|Any CPU.Build.0 = Debug|Any CPU
		{713276B0-3251-42A8-BE11-09B847A20E90}.Debug|ARM.ActiveCfg = Debug|Any CPU
		{713276B0-3251-42A8-BE11-09B847A20E90}.Debug|ARM.Build.0 = Debug|Any CPU
		{713276B0-3251-42A8-BE11-09B847A20E90}.Debug|iPhone.ActiveCfg = Debug|Any CPU
		{713276B0-3251-42A8-BE11-09B847A20E90}.Debug|iPhone.Build.0 = Debug|Any CPU
		{713276B0-3251-42A8-BE11-09B847A20E90}.Debug|iPhoneSimulator.ActiveCfg = Debug|Any CPU
		{713276B0-3251-42A8-BE11-09B847A20E90}.Debug|iPhoneSimulator.Build.0 = Debug|Any CPU
		{713276B0-3251-42A8-BE11-09B847A20E90}.Debug|x64.ActiveCfg = Debug|Any CPU
		{713276B0-3251-42A8-BE11-09B847A20E90}.Debug|x64.Build.0 = Debug|Any CPU
		{713276B0-3251-42A8-BE11-09B847A20E90}.Debug|x86.ActiveCfg = Debug|Any CPU
		{713276B0-3251-42A8-BE11-09B847A20E90}.Debug|x86.Build.0 = Debug|Any CPU
		{713276B0-3251-42A8-BE11-09B847A20E90}.Release|Any CPU.ActiveCfg = Release|Any CPU
		{713276B0-3251-42A8-BE11-09B847A20E90}.Release|Any CPU.Build.0 = Release|Any CPU
		{713276B0-3251-42A8-BE11-09B847A20E90}.Release|ARM.ActiveCfg = Release|Any CPU
		{713276B0-3251-42A8-BE11-09B847A20E90}.Release|ARM.Build.0 = Release|Any CPU
		{713276B0-3251-42A8-BE11-09B847A20E90}.Release|iPhone.ActiveCfg = Release|Any CPU
		{713276B0-3251-42A8-BE11-09B847A20E90}.Release|iPhone.Build.0 = Release|Any CPU
		{713276B0-3251-42A8-BE11-09B847A20E90}.Release|iPhoneSimulator.ActiveCfg = Release|Any CPU
		{713276B0-3251-42A8-BE11-09B847A20E90}.Release|iPhoneSimulator.Build.0 = Release|Any CPU
		{713276B0-3251-42A8-BE11-09B847A20E90}.Release|x64.ActiveCfg = Release|Any CPU
		{713276B0-3251-42A8-BE11-09B847A20E90}.Release|x64.Build.0 = Release|Any CPU
		{713276B0-3251-42A8-BE11-09B847A20E90}.Release|x86.ActiveCfg = Release|Any CPU
		{713276B0-3251-42A8-BE11-09B847A20E90}.Release|x86.Build.0 = Release|Any CPU
		{16A4E4C6-D593-4404-8B7C-BE44D3FEDCCD}.Debug|Any CPU.ActiveCfg = Debug|x64
		{16A4E4C6-D593-4404-8B7C-BE44D3FEDCCD}.Debug|Any CPU.Build.0 = Debug|x64
		{16A4E4C6-D593-4404-8B7C-BE44D3FEDCCD}.Debug|Any CPU.Deploy.0 = Debug|x64
		{16A4E4C6-D593-4404-8B7C-BE44D3FEDCCD}.Debug|ARM.ActiveCfg = Debug|ARM
		{16A4E4C6-D593-4404-8B7C-BE44D3FEDCCD}.Debug|ARM.Build.0 = Debug|ARM
		{16A4E4C6-D593-4404-8B7C-BE44D3FEDCCD}.Debug|ARM.Deploy.0 = Debug|ARM
		{16A4E4C6-D593-4404-8B7C-BE44D3FEDCCD}.Debug|iPhone.ActiveCfg = Debug|x64
		{16A4E4C6-D593-4404-8B7C-BE44D3FEDCCD}.Debug|iPhone.Build.0 = Debug|x64
		{16A4E4C6-D593-4404-8B7C-BE44D3FEDCCD}.Debug|iPhone.Deploy.0 = Debug|x64
		{16A4E4C6-D593-4404-8B7C-BE44D3FEDCCD}.Debug|iPhoneSimulator.ActiveCfg = Debug|x64
		{16A4E4C6-D593-4404-8B7C-BE44D3FEDCCD}.Debug|iPhoneSimulator.Build.0 = Debug|x64
		{16A4E4C6-D593-4404-8B7C-BE44D3FEDCCD}.Debug|iPhoneSimulator.Deploy.0 = Debug|x64
		{16A4E4C6-D593-4404-8B7C-BE44D3FEDCCD}.Debug|x64.ActiveCfg = Debug|x64
		{16A4E4C6-D593-4404-8B7C-BE44D3FEDCCD}.Debug|x64.Build.0 = Debug|x64
		{16A4E4C6-D593-4404-8B7C-BE44D3FEDCCD}.Debug|x64.Deploy.0 = Debug|x64
		{16A4E4C6-D593-4404-8B7C-BE44D3FEDCCD}.Debug|x86.ActiveCfg = Debug|x86
		{16A4E4C6-D593-4404-8B7C-BE44D3FEDCCD}.Debug|x86.Build.0 = Debug|x86
		{16A4E4C6-D593-4404-8B7C-BE44D3FEDCCD}.Debug|x86.Deploy.0 = Debug|x86
		{16A4E4C6-D593-4404-8B7C-BE44D3FEDCCD}.Release|Any CPU.ActiveCfg = Release|x64
		{16A4E4C6-D593-4404-8B7C-BE44D3FEDCCD}.Release|Any CPU.Build.0 = Release|x64
		{16A4E4C6-D593-4404-8B7C-BE44D3FEDCCD}.Release|Any CPU.Deploy.0 = Release|x64
		{16A4E4C6-D593-4404-8B7C-BE44D3FEDCCD}.Release|ARM.ActiveCfg = Release|ARM
		{16A4E4C6-D593-4404-8B7C-BE44D3FEDCCD}.Release|ARM.Build.0 = Release|ARM
		{16A4E4C6-D593-4404-8B7C-BE44D3FEDCCD}.Release|ARM.Deploy.0 = Release|ARM
		{16A4E4C6-D593-4404-8B7C-BE44D3FEDCCD}.Release|iPhone.ActiveCfg = Release|x64
		{16A4E4C6-D593-4404-8B7C-BE44D3FEDCCD}.Release|iPhone.Build.0 = Release|x64
		{16A4E4C6-D593-4404-8B7C-BE44D3FEDCCD}.Release|iPhone.Deploy.0 = Release|x64
		{16A4E4C6-D593-4404-8B7C-BE44D3FEDCCD}.Release|iPhoneSimulator.ActiveCfg = Release|x64
		{16A4E4C6-D593-4404-8B7C-BE44D3FEDCCD}.Release|iPhoneSimulator.Build.0 = Release|x64
		{16A4E4C6-D593-4404-8B7C-BE44D3FEDCCD}.Release|iPhoneSimulator.Deploy.0 = Release|x64
		{16A4E4C6-D593-4404-8B7C-BE44D3FEDCCD}.Release|x64.ActiveCfg = Release|x64
		{16A4E4C6-D593-4404-8B7C-BE44D3FEDCCD}.Release|x64.Build.0 = Release|x64
		{16A4E4C6-D593-4404-8B7C-BE44D3FEDCCD}.Release|x64.Deploy.0 = Release|x64
		{16A4E4C6-D593-4404-8B7C-BE44D3FEDCCD}.Release|x86.ActiveCfg = Release|x86
		{16A4E4C6-D593-4404-8B7C-BE44D3FEDCCD}.Release|x86.Build.0 = Release|x86
		{16A4E4C6-D593-4404-8B7C-BE44D3FEDCCD}.Release|x86.Deploy.0 = Release|x86
		{6397DD1A-F04C-483F-9051-A1AD106C1C02}.Debug|Any CPU.ActiveCfg = Debug|Any CPU
		{6397DD1A-F04C-483F-9051-A1AD106C1C02}.Debug|Any CPU.Build.0 = Debug|Any CPU
		{6397DD1A-F04C-483F-9051-A1AD106C1C02}.Debug|Any CPU.Deploy.0 = Debug|Any CPU
		{6397DD1A-F04C-483F-9051-A1AD106C1C02}.Debug|ARM.ActiveCfg = Debug|Any CPU
		{6397DD1A-F04C-483F-9051-A1AD106C1C02}.Debug|ARM.Build.0 = Debug|Any CPU
		{6397DD1A-F04C-483F-9051-A1AD106C1C02}.Debug|ARM.Deploy.0 = Debug|Any CPU
		{6397DD1A-F04C-483F-9051-A1AD106C1C02}.Debug|iPhone.ActiveCfg = Debug|Any CPU
		{6397DD1A-F04C-483F-9051-A1AD106C1C02}.Debug|iPhone.Build.0 = Debug|Any CPU
		{6397DD1A-F04C-483F-9051-A1AD106C1C02}.Debug|iPhone.Deploy.0 = Debug|Any CPU
		{6397DD1A-F04C-483F-9051-A1AD106C1C02}.Debug|iPhoneSimulator.ActiveCfg = Debug|Any CPU
		{6397DD1A-F04C-483F-9051-A1AD106C1C02}.Debug|iPhoneSimulator.Build.0 = Debug|Any CPU
		{6397DD1A-F04C-483F-9051-A1AD106C1C02}.Debug|iPhoneSimulator.Deploy.0 = Debug|Any CPU
		{6397DD1A-F04C-483F-9051-A1AD106C1C02}.Debug|x64.ActiveCfg = Debug|Any CPU
		{6397DD1A-F04C-483F-9051-A1AD106C1C02}.Debug|x64.Build.0 = Debug|Any CPU
		{6397DD1A-F04C-483F-9051-A1AD106C1C02}.Debug|x64.Deploy.0 = Debug|Any CPU
		{6397DD1A-F04C-483F-9051-A1AD106C1C02}.Debug|x86.ActiveCfg = Debug|Any CPU
		{6397DD1A-F04C-483F-9051-A1AD106C1C02}.Debug|x86.Build.0 = Debug|Any CPU
		{6397DD1A-F04C-483F-9051-A1AD106C1C02}.Debug|x86.Deploy.0 = Debug|Any CPU
		{6397DD1A-F04C-483F-9051-A1AD106C1C02}.Release|Any CPU.ActiveCfg = Release|Any CPU
		{6397DD1A-F04C-483F-9051-A1AD106C1C02}.Release|Any CPU.Build.0 = Release|Any CPU
		{6397DD1A-F04C-483F-9051-A1AD106C1C02}.Release|Any CPU.Deploy.0 = Release|Any CPU
		{6397DD1A-F04C-483F-9051-A1AD106C1C02}.Release|ARM.ActiveCfg = Release|Any CPU
		{6397DD1A-F04C-483F-9051-A1AD106C1C02}.Release|ARM.Build.0 = Release|Any CPU
		{6397DD1A-F04C-483F-9051-A1AD106C1C02}.Release|ARM.Deploy.0 = Release|Any CPU
		{6397DD1A-F04C-483F-9051-A1AD106C1C02}.Release|iPhone.ActiveCfg = Release|Any CPU
		{6397DD1A-F04C-483F-9051-A1AD106C1C02}.Release|iPhone.Build.0 = Release|Any CPU
		{6397DD1A-F04C-483F-9051-A1AD106C1C02}.Release|iPhone.Deploy.0 = Release|Any CPU
		{6397DD1A-F04C-483F-9051-A1AD106C1C02}.Release|iPhoneSimulator.ActiveCfg = Release|Any CPU
		{6397DD1A-F04C-483F-9051-A1AD106C1C02}.Release|iPhoneSimulator.Build.0 = Release|Any CPU
		{6397DD1A-F04C-483F-9051-A1AD106C1C02}.Release|iPhoneSimulator.Deploy.0 = Release|Any CPU
		{6397DD1A-F04C-483F-9051-A1AD106C1C02}.Release|x64.ActiveCfg = Release|Any CPU
		{6397DD1A-F04C-483F-9051-A1AD106C1C02}.Release|x64.Build.0 = Release|Any CPU
		{6397DD1A-F04C-483F-9051-A1AD106C1C02}.Release|x64.Deploy.0 = Release|Any CPU
		{6397DD1A-F04C-483F-9051-A1AD106C1C02}.Release|x86.ActiveCfg = Release|Any CPU
		{6397DD1A-F04C-483F-9051-A1AD106C1C02}.Release|x86.Build.0 = Release|Any CPU
		{6397DD1A-F04C-483F-9051-A1AD106C1C02}.Release|x86.Deploy.0 = Release|Any CPU
		{F50A7208-9403-4F73-A23D-DCB95CA5D7CD}.Debug|Any CPU.ActiveCfg = Debug|iPhoneSimulator
		{F50A7208-9403-4F73-A23D-DCB95CA5D7CD}.Debug|Any CPU.Build.0 = Debug|iPhoneSimulator
		{F50A7208-9403-4F73-A23D-DCB95CA5D7CD}.Debug|ARM.ActiveCfg = Debug|iPhoneSimulator
		{F50A7208-9403-4F73-A23D-DCB95CA5D7CD}.Debug|ARM.Build.0 = Debug|iPhoneSimulator
		{F50A7208-9403-4F73-A23D-DCB95CA5D7CD}.Debug|iPhone.ActiveCfg = Debug|iPhone
		{F50A7208-9403-4F73-A23D-DCB95CA5D7CD}.Debug|iPhone.Build.0 = Debug|iPhone
		{F50A7208-9403-4F73-A23D-DCB95CA5D7CD}.Debug|iPhoneSimulator.ActiveCfg = Debug|iPhoneSimulator
		{F50A7208-9403-4F73-A23D-DCB95CA5D7CD}.Debug|iPhoneSimulator.Build.0 = Debug|iPhoneSimulator
		{F50A7208-9403-4F73-A23D-DCB95CA5D7CD}.Debug|x64.ActiveCfg = Debug|iPhoneSimulator
		{F50A7208-9403-4F73-A23D-DCB95CA5D7CD}.Debug|x64.Build.0 = Debug|iPhoneSimulator
		{F50A7208-9403-4F73-A23D-DCB95CA5D7CD}.Debug|x86.ActiveCfg = Debug|iPhoneSimulator
		{F50A7208-9403-4F73-A23D-DCB95CA5D7CD}.Debug|x86.Build.0 = Debug|iPhoneSimulator
		{F50A7208-9403-4F73-A23D-DCB95CA5D7CD}.Release|Any CPU.ActiveCfg = Release|iPhoneSimulator
		{F50A7208-9403-4F73-A23D-DCB95CA5D7CD}.Release|Any CPU.Build.0 = Release|iPhoneSimulator
		{F50A7208-9403-4F73-A23D-DCB95CA5D7CD}.Release|ARM.ActiveCfg = Release|iPhoneSimulator
		{F50A7208-9403-4F73-A23D-DCB95CA5D7CD}.Release|ARM.Build.0 = Release|iPhoneSimulator
		{F50A7208-9403-4F73-A23D-DCB95CA5D7CD}.Release|iPhone.ActiveCfg = Release|iPhone
		{F50A7208-9403-4F73-A23D-DCB95CA5D7CD}.Release|iPhone.Build.0 = Release|iPhone
		{F50A7208-9403-4F73-A23D-DCB95CA5D7CD}.Release|iPhoneSimulator.ActiveCfg = Release|iPhoneSimulator
		{F50A7208-9403-4F73-A23D-DCB95CA5D7CD}.Release|iPhoneSimulator.Build.0 = Release|iPhoneSimulator
		{F50A7208-9403-4F73-A23D-DCB95CA5D7CD}.Release|x64.ActiveCfg = Release|iPhoneSimulator
		{F50A7208-9403-4F73-A23D-DCB95CA5D7CD}.Release|x64.Build.0 = Release|iPhoneSimulator
		{F50A7208-9403-4F73-A23D-DCB95CA5D7CD}.Release|x86.ActiveCfg = Release|iPhoneSimulator
		{F50A7208-9403-4F73-A23D-DCB95CA5D7CD}.Release|x86.Build.0 = Release|iPhoneSimulator
		{CC75E329-486F-41D0-A336-4387D40ABC16}.Debug|Any CPU.ActiveCfg = Debug|Any CPU
		{CC75E329-486F-41D0-A336-4387D40ABC16}.Debug|Any CPU.Build.0 = Debug|Any CPU
		{CC75E329-486F-41D0-A336-4387D40ABC16}.Debug|ARM.ActiveCfg = Debug|Any CPU
		{CC75E329-486F-41D0-A336-4387D40ABC16}.Debug|ARM.Build.0 = Debug|Any CPU
		{CC75E329-486F-41D0-A336-4387D40ABC16}.Debug|iPhone.ActiveCfg = Debug|Any CPU
		{CC75E329-486F-41D0-A336-4387D40ABC16}.Debug|iPhone.Build.0 = Debug|Any CPU
		{CC75E329-486F-41D0-A336-4387D40ABC16}.Debug|iPhoneSimulator.ActiveCfg = Debug|Any CPU
		{CC75E329-486F-41D0-A336-4387D40ABC16}.Debug|iPhoneSimulator.Build.0 = Debug|Any CPU
		{CC75E329-486F-41D0-A336-4387D40ABC16}.Debug|x64.ActiveCfg = Debug|Any CPU
		{CC75E329-486F-41D0-A336-4387D40ABC16}.Debug|x64.Build.0 = Debug|Any CPU
		{CC75E329-486F-41D0-A336-4387D40ABC16}.Debug|x86.ActiveCfg = Debug|Any CPU
		{CC75E329-486F-41D0-A336-4387D40ABC16}.Debug|x86.Build.0 = Debug|Any CPU
		{CC75E329-486F-41D0-A336-4387D40ABC16}.Release|Any CPU.ActiveCfg = Release|Any CPU
		{CC75E329-486F-41D0-A336-4387D40ABC16}.Release|Any CPU.Build.0 = Release|Any CPU
		{CC75E329-486F-41D0-A336-4387D40ABC16}.Release|ARM.ActiveCfg = Release|Any CPU
		{CC75E329-486F-41D0-A336-4387D40ABC16}.Release|ARM.Build.0 = Release|Any CPU
		{CC75E329-486F-41D0-A336-4387D40ABC16}.Release|iPhone.ActiveCfg = Release|Any CPU
		{CC75E329-486F-41D0-A336-4387D40ABC16}.Release|iPhone.Build.0 = Release|Any CPU
		{CC75E329-486F-41D0-A336-4387D40ABC16}.Release|iPhoneSimulator.ActiveCfg = Release|Any CPU
		{CC75E329-486F-41D0-A336-4387D40ABC16}.Release|iPhoneSimulator.Build.0 = Release|Any CPU
		{CC75E329-486F-41D0-A336-4387D40ABC16}.Release|x64.ActiveCfg = Release|Any CPU
		{CC75E329-486F-41D0-A336-4387D40ABC16}.Release|x64.Build.0 = Release|Any CPU
		{CC75E329-486F-41D0-A336-4387D40ABC16}.Release|x86.ActiveCfg = Release|Any CPU
		{CC75E329-486F-41D0-A336-4387D40ABC16}.Release|x86.Build.0 = Release|Any CPU
	EndGlobalSection
	GlobalSection(SolutionProperties) = preSolution
		HideSolutionNode = FALSE
	EndGlobalSection
	GlobalSection(ExtensibilityGlobals) = postSolution
		SolutionGuid = {42A6F7D5-8B48-41B9-B73A-76BE648BD636}
	EndGlobalSection
EndGlobal
